// !$*UTF8*$!
{
	archiveVersion = 1;
	classes = {
	};
	objectVersion = 46;
	objects = {

/* Begin PBXBuildFile section */
		339B94D61C0A44B900B9E907 /* vc_sensorDetailViewController.swift in Sources */ = {isa = PBXBuildFile; fileRef = 339B94D41C0A44B900B9E907 /* vc_sensorDetailViewController.swift */; };
		339B94D71C0A44B900B9E907 /* vc_sensorDetailViewController.xib in Resources */ = {isa = PBXBuildFile; fileRef = 339B94D51C0A44B900B9E907 /* vc_sensorDetailViewController.xib */; };
		339B94D91C0B980D00B9E907 /* vc_BarcodeScanner.swift in Sources */ = {isa = PBXBuildFile; fileRef = 339B94D81C0B980D00B9E907 /* vc_BarcodeScanner.swift */; };
		6954E3732122E60AEE133DC7 /* Pods_Soulmesh.framework in Frameworks */ = {isa = PBXBuildFile; fileRef = 36AA5BD9EE89FB922352C506 /* Pods_Soulmesh.framework */; };
		A915FD881BFB94910081F939 /* Assets.xcassets in Resources */ = {isa = PBXBuildFile; fileRef = A915FD871BFB94910081F939 /* Assets.xcassets */; };
		A915FD8B1BFB94910081F939 /* LaunchScreen.storyboard in Resources */ = {isa = PBXBuildFile; fileRef = A915FD891BFB94910081F939 /* LaunchScreen.storyboard */; };
		A915FD961BFB94910081F939 /* SoulmeshTests.swift in Sources */ = {isa = PBXBuildFile; fileRef = A915FD951BFB94910081F939 /* SoulmeshTests.swift */; };
		A915FDA11BFB94910081F939 /* SoulmeshUITests.swift in Sources */ = {isa = PBXBuildFile; fileRef = A915FDA01BFB94910081F939 /* SoulmeshUITests.swift */; };
		A93B676C1BFB9E640030981E /* libSVGKit-iOS.1.2.0.a in Frameworks */ = {isa = PBXBuildFile; fileRef = A93B66EB1BFB9E630030981E /* libSVGKit-iOS.1.2.0.a */; };
		A93B676E1BFB9F340030981E /* CoreText.framework in Frameworks */ = {isa = PBXBuildFile; fileRef = A93B676D1BFB9F340030981E /* CoreText.framework */; };
		A93B67701BFB9F3C0030981E /* CoreImage.framework in Frameworks */ = {isa = PBXBuildFile; fileRef = A93B676F1BFB9F3C0030981E /* CoreImage.framework */; };
		A93B67721BFB9F510030981E /* libxml2.tbd in Frameworks */ = {isa = PBXBuildFile; fileRef = A93B67711BFB9F510030981E /* libxml2.tbd */; };
		A93B67761BFB9F680030981E /* CoreGraphics.framework in Frameworks */ = {isa = PBXBuildFile; fileRef = A93B67751BFB9F680030981E /* CoreGraphics.framework */; };
		A93B67781BFB9F700030981E /* UIKit.framework in Frameworks */ = {isa = PBXBuildFile; fileRef = A93B67771BFB9F700030981E /* UIKit.framework */; };
		A93B677D1BFBA2BE0030981E /* QuartzCore.framework in Frameworks */ = {isa = PBXBuildFile; fileRef = A93B67731BFB9F5E0030981E /* QuartzCore.framework */; };
		A93B67851BFBA2E90030981E /* libxml2.2.tbd in Frameworks */ = {isa = PBXBuildFile; fileRef = A93B67841BFBA2E90030981E /* libxml2.2.tbd */; };
		A93B678A1BFBB5F80030981E /* smSVG.swift in Sources */ = {isa = PBXBuildFile; fileRef = A93B67891BFBB5F80030981E /* smSVG.swift */; };
		A96EC19E1BFC6A1B00539C6F /* fontawesome-webfont.ttf in Resources */ = {isa = PBXBuildFile; fileRef = A9BA8B5B1BFB997B0050EE7A /* fontawesome-webfont.ttf */; };
		A9BA8B4A1BFB965D0050EE7A /* AppDelegate.swift in Sources */ = {isa = PBXBuildFile; fileRef = A9BA8B491BFB965D0050EE7A /* AppDelegate.swift */; };
		A9BA8B4C1BFB96B10050EE7A /* Info.plist in Resources */ = {isa = PBXBuildFile; fileRef = A9BA8B4B1BFB96B10050EE7A /* Info.plist */; };
		A9BA8B4E1BFB98650050EE7A /* Main.storyboard in Resources */ = {isa = PBXBuildFile; fileRef = A9BA8B4D1BFB98650050EE7A /* Main.storyboard */; };
		A9BA8B501BFB98AE0050EE7A /* Building.swift in Sources */ = {isa = PBXBuildFile; fileRef = A9BA8B4F1BFB98AE0050EE7A /* Building.swift */; };
		A9BA8B521BFB98B50050EE7A /* Building+CoreDataProperties.swift in Sources */ = {isa = PBXBuildFile; fileRef = A9BA8B511BFB98B50050EE7A /* Building+CoreDataProperties.swift */; };
		A9BA8B551BFB98DB0050EE7A /* BuildingTableProtocol.swift in Sources */ = {isa = PBXBuildFile; fileRef = A9BA8B541BFB98DB0050EE7A /* BuildingTableProtocol.swift */; };
		A9BA8B581BFB994C0050EE7A /* FloorMap.swift in Sources */ = {isa = PBXBuildFile; fileRef = A9BA8B561BFB994C0050EE7A /* FloorMap.swift */; };
		A9BA8B591BFB994C0050EE7A /* FloorMap+CoreDataProperties.swift in Sources */ = {isa = PBXBuildFile; fileRef = A9BA8B571BFB994C0050EE7A /* FloorMap+CoreDataProperties.swift */; };
		A9BA8B601BFB99B80050EE7A /* InstalledSensor.swift in Sources */ = {isa = PBXBuildFile; fileRef = A9BA8B5C1BFB99B80050EE7A /* InstalledSensor.swift */; };
		A9BA8B611BFB99B80050EE7A /* InstalledSensor+CoreDataProperties.swift in Sources */ = {isa = PBXBuildFile; fileRef = A9BA8B5D1BFB99B80050EE7A /* InstalledSensor+CoreDataProperties.swift */; };
		A9BA8B621BFB99B80050EE7A /* Installer.swift in Sources */ = {isa = PBXBuildFile; fileRef = A9BA8B5E1BFB99B80050EE7A /* Installer.swift */; };
		A9BA8B631BFB99B80050EE7A /* Installer+CoreDataProperties.swift in Sources */ = {isa = PBXBuildFile; fileRef = A9BA8B5F1BFB99B80050EE7A /* Installer+CoreDataProperties.swift */; };
		A9BA8B661BFB9A3F0050EE7A /* Sensor.swift in Sources */ = {isa = PBXBuildFile; fileRef = A9BA8B641BFB9A3F0050EE7A /* Sensor.swift */; };
		A9BA8B671BFB9A3F0050EE7A /* Sensor+CoreDataProperties.swift in Sources */ = {isa = PBXBuildFile; fileRef = A9BA8B651BFB9A3F0050EE7A /* Sensor+CoreDataProperties.swift */; };
		A9BA8B691BFB9A4A0050EE7A /* SMAPIClient.swift in Sources */ = {isa = PBXBuildFile; fileRef = A9BA8B681BFB9A4A0050EE7A /* SMAPIClient.swift */; };
		A9BA8B6C1BFB9A520050EE7A /* SMModel.xcdatamodeld in Sources */ = {isa = PBXBuildFile; fileRef = A9BA8B6A1BFB9A520050EE7A /* SMModel.xcdatamodeld */; };
		A9BA8B6E1BFB9A7A0050EE7A /* SMSyncEngine.swift in Sources */ = {isa = PBXBuildFile; fileRef = A9BA8B6D1BFB9A7A0050EE7A /* SMSyncEngine.swift */; };
		A9BA8B711BFB9A9F0050EE7A /* table_buildingList.swift in Sources */ = {isa = PBXBuildFile; fileRef = A9BA8B701BFB9A9F0050EE7A /* table_buildingList.swift */; };
		A9BA8B771BFB9AAE0050EE7A /* vc_floorMap.swift in Sources */ = {isa = PBXBuildFile; fileRef = A9BA8B721BFB9AAE0050EE7A /* vc_floorMap.swift */; };
		A9BA8B781BFB9AAE0050EE7A /* vc_floorMap.xib in Resources */ = {isa = PBXBuildFile; fileRef = A9BA8B731BFB9AAE0050EE7A /* vc_floorMap.xib */; };
		A9BA8B791BFB9AAE0050EE7A /* vc_login.swift in Sources */ = {isa = PBXBuildFile; fileRef = A9BA8B741BFB9AAE0050EE7A /* vc_login.swift */; };
		A9BA8B7A1BFB9AAE0050EE7A /* vc_main.swift in Sources */ = {isa = PBXBuildFile; fileRef = A9BA8B751BFB9AAE0050EE7A /* vc_main.swift */; };
		A9BA8B7B1BFB9AAE0050EE7A /* vc_table_floors.swift in Sources */ = {isa = PBXBuildFile; fileRef = A9BA8B761BFB9AAE0050EE7A /* vc_table_floors.swift */; };
		A9BA8B7E1BFB9AC20050EE7A /* view_sensorMark.swift in Sources */ = {isa = PBXBuildFile; fileRef = A9BA8B7C1BFB9AC20050EE7A /* view_sensorMark.swift */; };
		A9BA8B7F1BFB9AC20050EE7A /* view_spinner.swift in Sources */ = {isa = PBXBuildFile; fileRef = A9BA8B7D1BFB9AC20050EE7A /* view_spinner.swift */; };
/* End PBXBuildFile section */

/* Begin PBXContainerItemProxy section */
		A915FD921BFB94910081F939 /* PBXContainerItemProxy */ = {
			isa = PBXContainerItemProxy;
			containerPortal = A915FD751BFB94910081F939 /* Project object */;
			proxyType = 1;
			remoteGlobalIDString = A915FD7C1BFB94910081F939;
			remoteInfo = Soulmesh;
		};
		A915FD9D1BFB94910081F939 /* PBXContainerItemProxy */ = {
			isa = PBXContainerItemProxy;
			containerPortal = A915FD751BFB94910081F939 /* Project object */;
			proxyType = 1;
			remoteGlobalIDString = A915FD7C1BFB94910081F939;
			remoteInfo = Soulmesh;
		};
/* End PBXContainerItemProxy section */

/* Begin PBXFileReference section */
		339B94D41C0A44B900B9E907 /* vc_sensorDetailViewController.swift */ = {isa = PBXFileReference; fileEncoding = 4; lastKnownFileType = sourcecode.swift; path = vc_sensorDetailViewController.swift; sourceTree = "<group>"; };
		339B94D51C0A44B900B9E907 /* vc_sensorDetailViewController.xib */ = {isa = PBXFileReference; fileEncoding = 4; lastKnownFileType = file.xib; path = vc_sensorDetailViewController.xib; sourceTree = "<group>"; };
		339B94D81C0B980D00B9E907 /* vc_BarcodeScanner.swift */ = {isa = PBXFileReference; fileEncoding = 4; lastKnownFileType = sourcecode.swift; path = vc_BarcodeScanner.swift; sourceTree = "<group>"; };
		36AA5BD9EE89FB922352C506 /* Pods_Soulmesh.framework */ = {isa = PBXFileReference; explicitFileType = wrapper.framework; includeInIndex = 0; path = Pods_Soulmesh.framework; sourceTree = BUILT_PRODUCTS_DIR; };
		517D2774003E13C3E6CC31DB /* Pods-Soulmesh.release.xcconfig */ = {isa = PBXFileReference; includeInIndex = 1; lastKnownFileType = text.xcconfig; name = "Pods-Soulmesh.release.xcconfig"; path = "Pods/Target Support Files/Pods-Soulmesh/Pods-Soulmesh.release.xcconfig"; sourceTree = "<group>"; };
		A915FD7D1BFB94910081F939 /* Soulmesh.app */ = {isa = PBXFileReference; explicitFileType = wrapper.application; includeInIndex = 0; path = Soulmesh.app; sourceTree = BUILT_PRODUCTS_DIR; };
		A915FD871BFB94910081F939 /* Assets.xcassets */ = {isa = PBXFileReference; lastKnownFileType = folder.assetcatalog; name = Assets.xcassets; path = Soulmesh/Assets.xcassets; sourceTree = "<group>"; };
		A915FD8A1BFB94910081F939 /* Base */ = {isa = PBXFileReference; lastKnownFileType = file.storyboard; name = Base; path = Base.lproj/LaunchScreen.storyboard; sourceTree = "<group>"; };
		A915FD911BFB94910081F939 /* SoulmeshTests.xctest */ = {isa = PBXFileReference; explicitFileType = wrapper.cfbundle; includeInIndex = 0; path = SoulmeshTests.xctest; sourceTree = BUILT_PRODUCTS_DIR; };
		A915FD951BFB94910081F939 /* SoulmeshTests.swift */ = {isa = PBXFileReference; lastKnownFileType = sourcecode.swift; path = SoulmeshTests.swift; sourceTree = "<group>"; };
		A915FD971BFB94910081F939 /* Info.plist */ = {isa = PBXFileReference; lastKnownFileType = text.plist.xml; path = Info.plist; sourceTree = "<group>"; };
		A915FD9C1BFB94910081F939 /* SoulmeshUITests.xctest */ = {isa = PBXFileReference; explicitFileType = wrapper.cfbundle; includeInIndex = 0; path = SoulmeshUITests.xctest; sourceTree = BUILT_PRODUCTS_DIR; };
		A915FDA01BFB94910081F939 /* SoulmeshUITests.swift */ = {isa = PBXFileReference; lastKnownFileType = sourcecode.swift; path = SoulmeshUITests.swift; sourceTree = "<group>"; };
		A915FDA21BFB94910081F939 /* Info.plist */ = {isa = PBXFileReference; lastKnownFileType = text.plist.xml; path = Info.plist; sourceTree = "<group>"; };
		A93B66EB1BFB9E630030981E /* libSVGKit-iOS.1.2.0.a */ = {isa = PBXFileReference; lastKnownFileType = archive.ar; path = "libSVGKit-iOS.1.2.0.a"; sourceTree = "<group>"; };
		A93B66EF1BFB9E640030981E /* AppleSucksDOMImplementation.h */ = {isa = PBXFileReference; fileEncoding = 4; lastKnownFileType = sourcecode.c.h; path = AppleSucksDOMImplementation.h; sourceTree = "<group>"; };
		A93B66F01BFB9E640030981E /* Attr.h */ = {isa = PBXFileReference; fileEncoding = 4; lastKnownFileType = sourcecode.c.h; path = Attr.h; sourceTree = "<group>"; };
		A93B66F11BFB9E640030981E /* BaseClassForAllSVGBasicShapes.h */ = {isa = PBXFileReference; fileEncoding = 4; lastKnownFileType = sourcecode.c.h; path = BaseClassForAllSVGBasicShapes.h; sourceTree = "<group>"; };
		A93B66F21BFB9E640030981E /* BaseClassForAllSVGBasicShapes_ForSubclasses.h */ = {isa = PBXFileReference; fileEncoding = 4; lastKnownFileType = sourcecode.c.h; path = BaseClassForAllSVGBasicShapes_ForSubclasses.h; sourceTree = "<group>"; };
		A93B66F31BFB9E640030981E /* CALayer+RecursiveClone.h */ = {isa = PBXFileReference; fileEncoding = 4; lastKnownFileType = sourcecode.c.h; path = "CALayer+RecursiveClone.h"; sourceTree = "<group>"; };
		A93B66F41BFB9E640030981E /* CALayerExporter.h */ = {isa = PBXFileReference; fileEncoding = 4; lastKnownFileType = sourcecode.c.h; path = CALayerExporter.h; sourceTree = "<group>"; };
		A93B66F51BFB9E640030981E /* CALayerWithChildHitTest.h */ = {isa = PBXFileReference; fileEncoding = 4; lastKnownFileType = sourcecode.c.h; path = CALayerWithChildHitTest.h; sourceTree = "<group>"; };
		A93B66F61BFB9E640030981E /* CALayerWithClipRender.h */ = {isa = PBXFileReference; fileEncoding = 4; lastKnownFileType = sourcecode.c.h; path = CALayerWithClipRender.h; sourceTree = "<group>"; };
		A93B66F71BFB9E640030981E /* CAShapeLayerWithClipRender.h */ = {isa = PBXFileReference; fileEncoding = 4; lastKnownFileType = sourcecode.c.h; path = CAShapeLayerWithClipRender.h; sourceTree = "<group>"; };
		A93B66F81BFB9E640030981E /* CAShapeLayerWithHitTest.h */ = {isa = PBXFileReference; fileEncoding = 4; lastKnownFileType = sourcecode.c.h; path = CAShapeLayerWithHitTest.h; sourceTree = "<group>"; };
		A93B66F91BFB9E640030981E /* CDATASection.h */ = {isa = PBXFileReference; fileEncoding = 4; lastKnownFileType = sourcecode.c.h; path = CDATASection.h; sourceTree = "<group>"; };
		A93B66FA1BFB9E640030981E /* CGPathAdditions.h */ = {isa = PBXFileReference; fileEncoding = 4; lastKnownFileType = sourcecode.c.h; path = CGPathAdditions.h; sourceTree = "<group>"; };
		A93B66FB1BFB9E640030981E /* CharacterData.h */ = {isa = PBXFileReference; fileEncoding = 4; lastKnownFileType = sourcecode.c.h; path = CharacterData.h; sourceTree = "<group>"; };
		A93B66FC1BFB9E640030981E /* Comment.h */ = {isa = PBXFileReference; fileEncoding = 4; lastKnownFileType = sourcecode.c.h; path = Comment.h; sourceTree = "<group>"; };
		A93B66FD1BFB9E640030981E /* ConverterSVGToCALayer.h */ = {isa = PBXFileReference; fileEncoding = 4; lastKnownFileType = sourcecode.c.h; path = ConverterSVGToCALayer.h; sourceTree = "<group>"; };
		A93B66FE1BFB9E640030981E /* CSSPrimitiveValue.h */ = {isa = PBXFileReference; fileEncoding = 4; lastKnownFileType = sourcecode.c.h; path = CSSPrimitiveValue.h; sourceTree = "<group>"; };
		A93B66FF1BFB9E640030981E /* CSSRule.h */ = {isa = PBXFileReference; fileEncoding = 4; lastKnownFileType = sourcecode.c.h; path = CSSRule.h; sourceTree = "<group>"; };
		A93B67001BFB9E640030981E /* CSSRuleList+Mutable.h */ = {isa = PBXFileReference; fileEncoding = 4; lastKnownFileType = sourcecode.c.h; path = "CSSRuleList+Mutable.h"; sourceTree = "<group>"; };
		A93B67011BFB9E640030981E /* CSSRuleList.h */ = {isa = PBXFileReference; fileEncoding = 4; lastKnownFileType = sourcecode.c.h; path = CSSRuleList.h; sourceTree = "<group>"; };
		A93B67021BFB9E640030981E /* CSSStyleDeclaration.h */ = {isa = PBXFileReference; fileEncoding = 4; lastKnownFileType = sourcecode.c.h; path = CSSStyleDeclaration.h; sourceTree = "<group>"; };
		A93B67031BFB9E640030981E /* CSSStyleRule.h */ = {isa = PBXFileReference; fileEncoding = 4; lastKnownFileType = sourcecode.c.h; path = CSSStyleRule.h; sourceTree = "<group>"; };
		A93B67041BFB9E640030981E /* CSSStyleSheet.h */ = {isa = PBXFileReference; fileEncoding = 4; lastKnownFileType = sourcecode.c.h; path = CSSStyleSheet.h; sourceTree = "<group>"; };
		A93B67051BFB9E640030981E /* CSSValue.h */ = {isa = PBXFileReference; fileEncoding = 4; lastKnownFileType = sourcecode.c.h; path = CSSValue.h; sourceTree = "<group>"; };
		A93B67061BFB9E640030981E /* CSSValue_ForSubclasses.h */ = {isa = PBXFileReference; fileEncoding = 4; lastKnownFileType = sourcecode.c.h; path = CSSValue_ForSubclasses.h; sourceTree = "<group>"; };
		A93B67071BFB9E640030981E /* CSSValueList.h */ = {isa = PBXFileReference; fileEncoding = 4; lastKnownFileType = sourcecode.c.h; path = CSSValueList.h; sourceTree = "<group>"; };
		A93B67081BFB9E640030981E /* Document+Mutable.h */ = {isa = PBXFileReference; fileEncoding = 4; lastKnownFileType = sourcecode.c.h; path = "Document+Mutable.h"; sourceTree = "<group>"; };
		A93B67091BFB9E640030981E /* Document.h */ = {isa = PBXFileReference; fileEncoding = 4; lastKnownFileType = sourcecode.c.h; path = Document.h; sourceTree = "<group>"; };
		A93B670A1BFB9E640030981E /* DocumentCSS.h */ = {isa = PBXFileReference; fileEncoding = 4; lastKnownFileType = sourcecode.c.h; path = DocumentCSS.h; sourceTree = "<group>"; };
		A93B670B1BFB9E640030981E /* DocumentFragment.h */ = {isa = PBXFileReference; fileEncoding = 4; lastKnownFileType = sourcecode.c.h; path = DocumentFragment.h; sourceTree = "<group>"; };
		A93B670C1BFB9E640030981E /* DocumentStyle.h */ = {isa = PBXFileReference; fileEncoding = 4; lastKnownFileType = sourcecode.c.h; path = DocumentStyle.h; sourceTree = "<group>"; };
		A93B670D1BFB9E640030981E /* DocumentType.h */ = {isa = PBXFileReference; fileEncoding = 4; lastKnownFileType = sourcecode.c.h; path = DocumentType.h; sourceTree = "<group>"; };
		A93B670E1BFB9E640030981E /* DOMGlobalSettings.h */ = {isa = PBXFileReference; fileEncoding = 4; lastKnownFileType = sourcecode.c.h; path = DOMGlobalSettings.h; sourceTree = "<group>"; };
		A93B670F1BFB9E640030981E /* DOMHelperUtilities.h */ = {isa = PBXFileReference; fileEncoding = 4; lastKnownFileType = sourcecode.c.h; path = DOMHelperUtilities.h; sourceTree = "<group>"; };
		A93B67101BFB9E640030981E /* Element.h */ = {isa = PBXFileReference; fileEncoding = 4; lastKnownFileType = sourcecode.c.h; path = Element.h; sourceTree = "<group>"; };
		A93B67111BFB9E640030981E /* EntityReference.h */ = {isa = PBXFileReference; fileEncoding = 4; lastKnownFileType = sourcecode.c.h; path = EntityReference.h; sourceTree = "<group>"; };
		A93B67121BFB9E640030981E /* MediaList.h */ = {isa = PBXFileReference; fileEncoding = 4; lastKnownFileType = sourcecode.c.h; path = MediaList.h; sourceTree = "<group>"; };
		A93B67131BFB9E640030981E /* NamedNodeMap.h */ = {isa = PBXFileReference; fileEncoding = 4; lastKnownFileType = sourcecode.c.h; path = NamedNodeMap.h; sourceTree = "<group>"; };
		A93B67141BFB9E640030981E /* NamedNodeMap_Iterable.h */ = {isa = PBXFileReference; fileEncoding = 4; lastKnownFileType = sourcecode.c.h; path = NamedNodeMap_Iterable.h; sourceTree = "<group>"; };
		A93B67151BFB9E640030981E /* Node+Mutable.h */ = {isa = PBXFileReference; fileEncoding = 4; lastKnownFileType = sourcecode.c.h; path = "Node+Mutable.h"; sourceTree = "<group>"; };
		A93B67161BFB9E640030981E /* Node.h */ = {isa = PBXFileReference; fileEncoding = 4; lastKnownFileType = sourcecode.c.h; path = Node.h; sourceTree = "<group>"; };
		A93B67171BFB9E640030981E /* NodeList+Mutable.h */ = {isa = PBXFileReference; fileEncoding = 4; lastKnownFileType = sourcecode.c.h; path = "NodeList+Mutable.h"; sourceTree = "<group>"; };
		A93B67181BFB9E640030981E /* NodeList.h */ = {isa = PBXFileReference; fileEncoding = 4; lastKnownFileType = sourcecode.c.h; path = NodeList.h; sourceTree = "<group>"; };
		A93B67191BFB9E640030981E /* NSCharacterSet+SVGKExtensions.h */ = {isa = PBXFileReference; fileEncoding = 4; lastKnownFileType = sourcecode.c.h; path = "NSCharacterSet+SVGKExtensions.h"; sourceTree = "<group>"; };
		A93B671A1BFB9E640030981E /* NSData+NSInputStream.h */ = {isa = PBXFileReference; fileEncoding = 4; lastKnownFileType = sourcecode.c.h; path = "NSData+NSInputStream.h"; sourceTree = "<group>"; };
		A93B671B1BFB9E640030981E /* ProcessingInstruction.h */ = {isa = PBXFileReference; fileEncoding = 4; lastKnownFileType = sourcecode.c.h; path = ProcessingInstruction.h; sourceTree = "<group>"; };
		A93B671C1BFB9E640030981E /* StyleSheet.h */ = {isa = PBXFileReference; fileEncoding = 4; lastKnownFileType = sourcecode.c.h; path = StyleSheet.h; sourceTree = "<group>"; };
		A93B671D1BFB9E640030981E /* StyleSheetList.h */ = {isa = PBXFileReference; fileEncoding = 4; lastKnownFileType = sourcecode.c.h; path = StyleSheetList.h; sourceTree = "<group>"; };
		A93B671E1BFB9E640030981E /* SVGAngle.h */ = {isa = PBXFileReference; fileEncoding = 4; lastKnownFileType = sourcecode.c.h; path = SVGAngle.h; sourceTree = "<group>"; };
		A93B671F1BFB9E640030981E /* SVGAnimatedPreserveAspectRatio.h */ = {isa = PBXFileReference; fileEncoding = 4; lastKnownFileType = sourcecode.c.h; path = SVGAnimatedPreserveAspectRatio.h; sourceTree = "<group>"; };
		A93B67201BFB9E640030981E /* SVGCircleElement.h */ = {isa = PBXFileReference; fileEncoding = 4; lastKnownFileType = sourcecode.c.h; path = SVGCircleElement.h; sourceTree = "<group>"; };
		A93B67211BFB9E640030981E /* SVGClipPathElement.h */ = {isa = PBXFileReference; fileEncoding = 4; lastKnownFileType = sourcecode.c.h; path = SVGClipPathElement.h; sourceTree = "<group>"; };
		A93B67221BFB9E640030981E /* SVGDefsElement.h */ = {isa = PBXFileReference; fileEncoding = 4; lastKnownFileType = sourcecode.c.h; path = SVGDefsElement.h; sourceTree = "<group>"; };
		A93B67231BFB9E640030981E /* SVGDescriptionElement.h */ = {isa = PBXFileReference; fileEncoding = 4; lastKnownFileType = sourcecode.c.h; path = SVGDescriptionElement.h; sourceTree = "<group>"; };
		A93B67241BFB9E640030981E /* SVGDocument.h */ = {isa = PBXFileReference; fileEncoding = 4; lastKnownFileType = sourcecode.c.h; path = SVGDocument.h; sourceTree = "<group>"; };
		A93B67251BFB9E640030981E /* SVGDocument_Mutable.h */ = {isa = PBXFileReference; fileEncoding = 4; lastKnownFileType = sourcecode.c.h; path = SVGDocument_Mutable.h; sourceTree = "<group>"; };
		A93B67261BFB9E640030981E /* SVGElement.h */ = {isa = PBXFileReference; fileEncoding = 4; lastKnownFileType = sourcecode.c.h; path = SVGElement.h; sourceTree = "<group>"; };
		A93B67271BFB9E640030981E /* SVGElement_ForParser.h */ = {isa = PBXFileReference; fileEncoding = 4; lastKnownFileType = sourcecode.c.h; path = SVGElement_ForParser.h; sourceTree = "<group>"; };
		A93B67281BFB9E640030981E /* SVGElementInstance.h */ = {isa = PBXFileReference; fileEncoding = 4; lastKnownFileType = sourcecode.c.h; path = SVGElementInstance.h; sourceTree = "<group>"; };
		A93B67291BFB9E640030981E /* SVGElementInstance_Mutable.h */ = {isa = PBXFileReference; fileEncoding = 4; lastKnownFileType = sourcecode.c.h; path = SVGElementInstance_Mutable.h; sourceTree = "<group>"; };
		A93B672A1BFB9E640030981E /* SVGElementInstanceList.h */ = {isa = PBXFileReference; fileEncoding = 4; lastKnownFileType = sourcecode.c.h; path = SVGElementInstanceList.h; sourceTree = "<group>"; };
		A93B672B1BFB9E640030981E /* SVGElementInstanceList_Internal.h */ = {isa = PBXFileReference; fileEncoding = 4; lastKnownFileType = sourcecode.c.h; path = SVGElementInstanceList_Internal.h; sourceTree = "<group>"; };
		A93B672C1BFB9E640030981E /* SVGEllipseElement.h */ = {isa = PBXFileReference; fileEncoding = 4; lastKnownFileType = sourcecode.c.h; path = SVGEllipseElement.h; sourceTree = "<group>"; };
		A93B672D1BFB9E640030981E /* SVGFitToViewBox.h */ = {isa = PBXFileReference; fileEncoding = 4; lastKnownFileType = sourcecode.c.h; path = SVGFitToViewBox.h; sourceTree = "<group>"; };
		A93B672E1BFB9E640030981E /* SVGGElement.h */ = {isa = PBXFileReference; fileEncoding = 4; lastKnownFileType = sourcecode.c.h; path = SVGGElement.h; sourceTree = "<group>"; };
		A93B672F1BFB9E640030981E /* SVGGradientElement.h */ = {isa = PBXFileReference; fileEncoding = 4; lastKnownFileType = sourcecode.c.h; path = SVGGradientElement.h; sourceTree = "<group>"; };
		A93B67301BFB9E640030981E /* SVGGradientLayer.h */ = {isa = PBXFileReference; fileEncoding = 4; lastKnownFileType = sourcecode.c.h; path = SVGGradientLayer.h; sourceTree = "<group>"; };
		A93B67311BFB9E640030981E /* SVGGradientStop.h */ = {isa = PBXFileReference; fileEncoding = 4; lastKnownFileType = sourcecode.c.h; path = SVGGradientStop.h; sourceTree = "<group>"; };
		A93B67321BFB9E640030981E /* SVGGroupElement.h */ = {isa = PBXFileReference; fileEncoding = 4; lastKnownFileType = sourcecode.c.h; path = SVGGroupElement.h; sourceTree = "<group>"; };
		A93B67331BFB9E640030981E /* SVGHelperUtilities.h */ = {isa = PBXFileReference; fileEncoding = 4; lastKnownFileType = sourcecode.c.h; path = SVGHelperUtilities.h; sourceTree = "<group>"; };
		A93B67341BFB9E640030981E /* SVGImageElement.h */ = {isa = PBXFileReference; fileEncoding = 4; lastKnownFileType = sourcecode.c.h; path = SVGImageElement.h; sourceTree = "<group>"; };
		A93B67351BFB9E640030981E /* SVGKExporterNSData.h */ = {isa = PBXFileReference; fileEncoding = 4; lastKnownFileType = sourcecode.c.h; path = SVGKExporterNSData.h; sourceTree = "<group>"; };
		A93B67361BFB9E640030981E /* SVGKExporterUIImage.h */ = {isa = PBXFileReference; fileEncoding = 4; lastKnownFileType = sourcecode.c.h; path = SVGKExporterUIImage.h; sourceTree = "<group>"; };
		A93B67371BFB9E640030981E /* SVGKFastImageView.h */ = {isa = PBXFileReference; fileEncoding = 4; lastKnownFileType = sourcecode.c.h; path = SVGKFastImageView.h; sourceTree = "<group>"; };
		A93B67381BFB9E640030981E /* SVGKImage+CGContext.h */ = {isa = PBXFileReference; fileEncoding = 4; lastKnownFileType = sourcecode.c.h; path = "SVGKImage+CGContext.h"; sourceTree = "<group>"; };
		A93B67391BFB9E640030981E /* SVGKImage.h */ = {isa = PBXFileReference; fileEncoding = 4; lastKnownFileType = sourcecode.c.h; path = SVGKImage.h; sourceTree = "<group>"; };
		A93B673A1BFB9E640030981E /* SVGKImageView.h */ = {isa = PBXFileReference; fileEncoding = 4; lastKnownFileType = sourcecode.c.h; path = SVGKImageView.h; sourceTree = "<group>"; };
		A93B673B1BFB9E640030981E /* SVGKit.h */ = {isa = PBXFileReference; fileEncoding = 4; lastKnownFileType = sourcecode.c.h; path = SVGKit.h; sourceTree = "<group>"; };
		A93B673C1BFB9E640030981E /* SVGKLayer.h */ = {isa = PBXFileReference; fileEncoding = 4; lastKnownFileType = sourcecode.c.h; path = SVGKLayer.h; sourceTree = "<group>"; };
		A93B673D1BFB9E640030981E /* SVGKLayeredImageView.h */ = {isa = PBXFileReference; fileEncoding = 4; lastKnownFileType = sourcecode.c.h; path = SVGKLayeredImageView.h; sourceTree = "<group>"; };
		A93B673E1BFB9E640030981E /* SVGKParser.h */ = {isa = PBXFileReference; fileEncoding = 4; lastKnownFileType = sourcecode.c.h; path = SVGKParser.h; sourceTree = "<group>"; };
		A93B673F1BFB9E640030981E /* SVGKParserDefsAndUse.h */ = {isa = PBXFileReference; fileEncoding = 4; lastKnownFileType = sourcecode.c.h; path = SVGKParserDefsAndUse.h; sourceTree = "<group>"; };
		A93B67401BFB9E640030981E /* SVGKParserDOM.h */ = {isa = PBXFileReference; fileEncoding = 4; lastKnownFileType = sourcecode.c.h; path = SVGKParserDOM.h; sourceTree = "<group>"; };
		A93B67411BFB9E640030981E /* SVGKParseResult.h */ = {isa = PBXFileReference; fileEncoding = 4; lastKnownFileType = sourcecode.c.h; path = SVGKParseResult.h; sourceTree = "<group>"; };
		A93B67421BFB9E640030981E /* SVGKParserExtension.h */ = {isa = PBXFileReference; fileEncoding = 4; lastKnownFileType = sourcecode.c.h; path = SVGKParserExtension.h; sourceTree = "<group>"; };
		A93B67431BFB9E640030981E /* SVGKParserGradient.h */ = {isa = PBXFileReference; fileEncoding = 4; lastKnownFileType = sourcecode.c.h; path = SVGKParserGradient.h; sourceTree = "<group>"; };
		A93B67441BFB9E640030981E /* SVGKParserPatternsAndGradients.h */ = {isa = PBXFileReference; fileEncoding = 4; lastKnownFileType = sourcecode.c.h; path = SVGKParserPatternsAndGradients.h; sourceTree = "<group>"; };
		A93B67451BFB9E640030981E /* SVGKParserStyles.h */ = {isa = PBXFileReference; fileEncoding = 4; lastKnownFileType = sourcecode.c.h; path = SVGKParserStyles.h; sourceTree = "<group>"; };
		A93B67461BFB9E640030981E /* SVGKParserSVG.h */ = {isa = PBXFileReference; fileEncoding = 4; lastKnownFileType = sourcecode.c.h; path = SVGKParserSVG.h; sourceTree = "<group>"; };
		A93B67471BFB9E640030981E /* SVGKPattern.h */ = {isa = PBXFileReference; fileEncoding = 4; lastKnownFileType = sourcecode.c.h; path = SVGKPattern.h; sourceTree = "<group>"; };
		A93B67481BFB9E640030981E /* SVGKPointsAndPathsParser.h */ = {isa = PBXFileReference; fileEncoding = 4; lastKnownFileType = sourcecode.c.h; path = SVGKPointsAndPathsParser.h; sourceTree = "<group>"; };
		A93B67491BFB9E640030981E /* SVGKSource.h */ = {isa = PBXFileReference; fileEncoding = 4; lastKnownFileType = sourcecode.c.h; path = SVGKSource.h; sourceTree = "<group>"; };
		A93B674A1BFB9E640030981E /* SVGKSourceLocalFile.h */ = {isa = PBXFileReference; fileEncoding = 4; lastKnownFileType = sourcecode.c.h; path = SVGKSourceLocalFile.h; sourceTree = "<group>"; };
		A93B674B1BFB9E640030981E /* SVGKSourceNSData.h */ = {isa = PBXFileReference; fileEncoding = 4; lastKnownFileType = sourcecode.c.h; path = SVGKSourceNSData.h; sourceTree = "<group>"; };
		A93B674C1BFB9E640030981E /* SVGKSourceString.h */ = {isa = PBXFileReference; fileEncoding = 4; lastKnownFileType = sourcecode.c.h; path = SVGKSourceString.h; sourceTree = "<group>"; };
		A93B674D1BFB9E640030981E /* SVGKSourceURL.h */ = {isa = PBXFileReference; fileEncoding = 4; lastKnownFileType = sourcecode.c.h; path = SVGKSourceURL.h; sourceTree = "<group>"; };
		A93B674E1BFB9E640030981E /* SVGLength.h */ = {isa = PBXFileReference; fileEncoding = 4; lastKnownFileType = sourcecode.c.h; path = SVGLength.h; sourceTree = "<group>"; };
		A93B674F1BFB9E640030981E /* SVGLineElement.h */ = {isa = PBXFileReference; fileEncoding = 4; lastKnownFileType = sourcecode.c.h; path = SVGLineElement.h; sourceTree = "<group>"; };
		A93B67501BFB9E640030981E /* SVGMatrix.h */ = {isa = PBXFileReference; fileEncoding = 4; lastKnownFileType = sourcecode.c.h; path = SVGMatrix.h; sourceTree = "<group>"; };
		A93B67511BFB9E640030981E /* SVGNumber.h */ = {isa = PBXFileReference; fileEncoding = 4; lastKnownFileType = sourcecode.c.h; path = SVGNumber.h; sourceTree = "<group>"; };
		A93B67521BFB9E640030981E /* SVGPathElement.h */ = {isa = PBXFileReference; fileEncoding = 4; lastKnownFileType = sourcecode.c.h; path = SVGPathElement.h; sourceTree = "<group>"; };
		A93B67531BFB9E640030981E /* SVGPoint.h */ = {isa = PBXFileReference; fileEncoding = 4; lastKnownFileType = sourcecode.c.h; path = SVGPoint.h; sourceTree = "<group>"; };
		A93B67541BFB9E640030981E /* SVGPolygonElement.h */ = {isa = PBXFileReference; fileEncoding = 4; lastKnownFileType = sourcecode.c.h; path = SVGPolygonElement.h; sourceTree = "<group>"; };
		A93B67551BFB9E640030981E /* SVGPolylineElement.h */ = {isa = PBXFileReference; fileEncoding = 4; lastKnownFileType = sourcecode.c.h; path = SVGPolylineElement.h; sourceTree = "<group>"; };
		A93B67561BFB9E640030981E /* SVGPreserveAspectRatio.h */ = {isa = PBXFileReference; fileEncoding = 4; lastKnownFileType = sourcecode.c.h; path = SVGPreserveAspectRatio.h; sourceTree = "<group>"; };
		A93B67571BFB9E640030981E /* SVGRect.h */ = {isa = PBXFileReference; fileEncoding = 4; lastKnownFileType = sourcecode.c.h; path = SVGRect.h; sourceTree = "<group>"; };
		A93B67581BFB9E640030981E /* SVGRectElement.h */ = {isa = PBXFileReference; fileEncoding = 4; lastKnownFileType = sourcecode.c.h; path = SVGRectElement.h; sourceTree = "<group>"; };
		A93B67591BFB9E640030981E /* SVGStylable.h */ = {isa = PBXFileReference; fileEncoding = 4; lastKnownFileType = sourcecode.c.h; path = SVGStylable.h; sourceTree = "<group>"; };
		A93B675A1BFB9E640030981E /* SVGStyleCatcher.h */ = {isa = PBXFileReference; fileEncoding = 4; lastKnownFileType = sourcecode.c.h; path = SVGStyleCatcher.h; sourceTree = "<group>"; };
		A93B675B1BFB9E640030981E /* SVGStyleElement.h */ = {isa = PBXFileReference; fileEncoding = 4; lastKnownFileType = sourcecode.c.h; path = SVGStyleElement.h; sourceTree = "<group>"; };
		A93B675C1BFB9E640030981E /* SVGSVGElement.h */ = {isa = PBXFileReference; fileEncoding = 4; lastKnownFileType = sourcecode.c.h; path = SVGSVGElement.h; sourceTree = "<group>"; };
		A93B675D1BFB9E640030981E /* SVGSVGElement_Mutable.h */ = {isa = PBXFileReference; fileEncoding = 4; lastKnownFileType = sourcecode.c.h; path = SVGSVGElement_Mutable.h; sourceTree = "<group>"; };
		A93B675E1BFB9E640030981E /* SVGTextContentElement.h */ = {isa = PBXFileReference; fileEncoding = 4; lastKnownFileType = sourcecode.c.h; path = SVGTextContentElement.h; sourceTree = "<group>"; };
		A93B675F1BFB9E640030981E /* SVGTextElement.h */ = {isa = PBXFileReference; fileEncoding = 4; lastKnownFileType = sourcecode.c.h; path = SVGTextElement.h; sourceTree = "<group>"; };
		A93B67601BFB9E640030981E /* SVGTextPositioningElement.h */ = {isa = PBXFileReference; fileEncoding = 4; lastKnownFileType = sourcecode.c.h; path = SVGTextPositioningElement.h; sourceTree = "<group>"; };
		A93B67611BFB9E640030981E /* SVGTextPositioningElement_Mutable.h */ = {isa = PBXFileReference; fileEncoding = 4; lastKnownFileType = sourcecode.c.h; path = SVGTextPositioningElement_Mutable.h; sourceTree = "<group>"; };
		A93B67621BFB9E640030981E /* SVGTitleElement.h */ = {isa = PBXFileReference; fileEncoding = 4; lastKnownFileType = sourcecode.c.h; path = SVGTitleElement.h; sourceTree = "<group>"; };
		A93B67631BFB9E640030981E /* SVGTransform.h */ = {isa = PBXFileReference; fileEncoding = 4; lastKnownFileType = sourcecode.c.h; path = SVGTransform.h; sourceTree = "<group>"; };
		A93B67641BFB9E640030981E /* SVGTransformable.h */ = {isa = PBXFileReference; fileEncoding = 4; lastKnownFileType = sourcecode.c.h; path = SVGTransformable.h; sourceTree = "<group>"; };
		A93B67651BFB9E640030981E /* SVGUnitTypes.h */ = {isa = PBXFileReference; fileEncoding = 4; lastKnownFileType = sourcecode.c.h; path = SVGUnitTypes.h; sourceTree = "<group>"; };
		A93B67661BFB9E640030981E /* SVGUseElement.h */ = {isa = PBXFileReference; fileEncoding = 4; lastKnownFileType = sourcecode.c.h; path = SVGUseElement.h; sourceTree = "<group>"; };
		A93B67671BFB9E640030981E /* SVGUseElement_Mutable.h */ = {isa = PBXFileReference; fileEncoding = 4; lastKnownFileType = sourcecode.c.h; path = SVGUseElement_Mutable.h; sourceTree = "<group>"; };
		A93B67681BFB9E640030981E /* SVGUtils.h */ = {isa = PBXFileReference; fileEncoding = 4; lastKnownFileType = sourcecode.c.h; path = SVGUtils.h; sourceTree = "<group>"; };
		A93B67691BFB9E640030981E /* SVGViewSpec.h */ = {isa = PBXFileReference; fileEncoding = 4; lastKnownFileType = sourcecode.c.h; path = SVGViewSpec.h; sourceTree = "<group>"; };
		A93B676A1BFB9E640030981E /* Text.h */ = {isa = PBXFileReference; fileEncoding = 4; lastKnownFileType = sourcecode.c.h; path = Text.h; sourceTree = "<group>"; };
		A93B676B1BFB9E640030981E /* TinySVGTextAreaElement.h */ = {isa = PBXFileReference; fileEncoding = 4; lastKnownFileType = sourcecode.c.h; path = TinySVGTextAreaElement.h; sourceTree = "<group>"; };
		A93B676D1BFB9F340030981E /* CoreText.framework */ = {isa = PBXFileReference; lastKnownFileType = wrapper.framework; name = CoreText.framework; path = System/Library/Frameworks/CoreText.framework; sourceTree = SDKROOT; };
		A93B676F1BFB9F3C0030981E /* CoreImage.framework */ = {isa = PBXFileReference; lastKnownFileType = wrapper.framework; name = CoreImage.framework; path = System/Library/Frameworks/CoreImage.framework; sourceTree = SDKROOT; };
		A93B67711BFB9F510030981E /* libxml2.tbd */ = {isa = PBXFileReference; lastKnownFileType = "sourcecode.text-based-dylib-definition"; name = libxml2.tbd; path = usr/lib/libxml2.tbd; sourceTree = SDKROOT; };
		A93B67731BFB9F5E0030981E /* QuartzCore.framework */ = {isa = PBXFileReference; lastKnownFileType = wrapper.framework; name = QuartzCore.framework; path = System/Library/Frameworks/QuartzCore.framework; sourceTree = SDKROOT; };
		A93B67751BFB9F680030981E /* CoreGraphics.framework */ = {isa = PBXFileReference; lastKnownFileType = wrapper.framework; name = CoreGraphics.framework; path = System/Library/Frameworks/CoreGraphics.framework; sourceTree = SDKROOT; };
		A93B67771BFB9F700030981E /* UIKit.framework */ = {isa = PBXFileReference; lastKnownFileType = wrapper.framework; name = UIKit.framework; path = System/Library/Frameworks/UIKit.framework; sourceTree = SDKROOT; };
		A93B67841BFBA2E90030981E /* libxml2.2.tbd */ = {isa = PBXFileReference; lastKnownFileType = "sourcecode.text-based-dylib-definition"; name = libxml2.2.tbd; path = usr/lib/libxml2.2.tbd; sourceTree = SDKROOT; };
		A93B67861BFBB5060030981E /* CSSPrimitiveValue_ConfigurablePixelsPerInch.h */ = {isa = PBXFileReference; fileEncoding = 4; lastKnownFileType = sourcecode.c.h; path = CSSPrimitiveValue_ConfigurablePixelsPerInch.h; sourceTree = "<group>"; };
		A93B67871BFBB5720030981E /* StyleSheetList+Mutable.h */ = {isa = PBXFileReference; fileEncoding = 4; lastKnownFileType = sourcecode.c.h; path = "StyleSheetList+Mutable.h"; sourceTree = "<group>"; };
		A93B67881BFBB5AF0030981E /* SVGSwitchElement.h */ = {isa = PBXFileReference; fileEncoding = 4; lastKnownFileType = sourcecode.c.h; path = SVGSwitchElement.h; sourceTree = "<group>"; };
		A93B67891BFBB5F80030981E /* smSVG.swift */ = {isa = PBXFileReference; fileEncoding = 4; lastKnownFileType = sourcecode.swift; path = smSVG.swift; sourceTree = "<group>"; };
		A9BA8B491BFB965D0050EE7A /* AppDelegate.swift */ = {isa = PBXFileReference; fileEncoding = 4; lastKnownFileType = sourcecode.swift; path = AppDelegate.swift; sourceTree = "<group>"; };
		A9BA8B4B1BFB96B10050EE7A /* Info.plist */ = {isa = PBXFileReference; fileEncoding = 4; lastKnownFileType = text.plist.xml; path = Info.plist; sourceTree = "<group>"; };
		A9BA8B4D1BFB98650050EE7A /* Main.storyboard */ = {isa = PBXFileReference; fileEncoding = 4; lastKnownFileType = file.storyboard; path = Main.storyboard; sourceTree = "<group>"; };
		A9BA8B4F1BFB98AE0050EE7A /* Building.swift */ = {isa = PBXFileReference; fileEncoding = 4; lastKnownFileType = sourcecode.swift; path = Building.swift; sourceTree = "<group>"; };
		A9BA8B511BFB98B50050EE7A /* Building+CoreDataProperties.swift */ = {isa = PBXFileReference; fileEncoding = 4; lastKnownFileType = sourcecode.swift; path = "Building+CoreDataProperties.swift"; sourceTree = "<group>"; };
		A9BA8B541BFB98DB0050EE7A /* BuildingTableProtocol.swift */ = {isa = PBXFileReference; fileEncoding = 4; lastKnownFileType = sourcecode.swift; path = BuildingTableProtocol.swift; sourceTree = "<group>"; };
		A9BA8B561BFB994C0050EE7A /* FloorMap.swift */ = {isa = PBXFileReference; fileEncoding = 4; lastKnownFileType = sourcecode.swift; path = FloorMap.swift; sourceTree = "<group>"; };
		A9BA8B571BFB994C0050EE7A /* FloorMap+CoreDataProperties.swift */ = {isa = PBXFileReference; fileEncoding = 4; lastKnownFileType = sourcecode.swift; path = "FloorMap+CoreDataProperties.swift"; sourceTree = "<group>"; };
		A9BA8B5B1BFB997B0050EE7A /* fontawesome-webfont.ttf */ = {isa = PBXFileReference; lastKnownFileType = file; path = "fontawesome-webfont.ttf"; sourceTree = "<group>"; };
		A9BA8B5C1BFB99B80050EE7A /* InstalledSensor.swift */ = {isa = PBXFileReference; fileEncoding = 4; lastKnownFileType = sourcecode.swift; path = InstalledSensor.swift; sourceTree = "<group>"; };
		A9BA8B5D1BFB99B80050EE7A /* InstalledSensor+CoreDataProperties.swift */ = {isa = PBXFileReference; fileEncoding = 4; lastKnownFileType = sourcecode.swift; path = "InstalledSensor+CoreDataProperties.swift"; sourceTree = "<group>"; };
		A9BA8B5E1BFB99B80050EE7A /* Installer.swift */ = {isa = PBXFileReference; fileEncoding = 4; lastKnownFileType = sourcecode.swift; path = Installer.swift; sourceTree = "<group>"; };
		A9BA8B5F1BFB99B80050EE7A /* Installer+CoreDataProperties.swift */ = {isa = PBXFileReference; fileEncoding = 4; lastKnownFileType = sourcecode.swift; path = "Installer+CoreDataProperties.swift"; sourceTree = "<group>"; };
		A9BA8B641BFB9A3F0050EE7A /* Sensor.swift */ = {isa = PBXFileReference; fileEncoding = 4; lastKnownFileType = sourcecode.swift; path = Sensor.swift; sourceTree = "<group>"; };
		A9BA8B651BFB9A3F0050EE7A /* Sensor+CoreDataProperties.swift */ = {isa = PBXFileReference; fileEncoding = 4; lastKnownFileType = sourcecode.swift; path = "Sensor+CoreDataProperties.swift"; sourceTree = "<group>"; };
		A9BA8B681BFB9A4A0050EE7A /* SMAPIClient.swift */ = {isa = PBXFileReference; fileEncoding = 4; lastKnownFileType = sourcecode.swift; path = SMAPIClient.swift; sourceTree = "<group>"; };
		A9BA8B6B1BFB9A520050EE7A /* SMModel.xcdatamodel */ = {isa = PBXFileReference; lastKnownFileType = wrapper.xcdatamodel; path = SMModel.xcdatamodel; sourceTree = "<group>"; };
		A9BA8B6D1BFB9A7A0050EE7A /* SMSyncEngine.swift */ = {isa = PBXFileReference; fileEncoding = 4; lastKnownFileType = sourcecode.swift; path = SMSyncEngine.swift; sourceTree = "<group>"; };
		A9BA8B6F1BFB9A820050EE7A /* Soulmesh-Bridging-Header.h */ = {isa = PBXFileReference; lastKnownFileType = sourcecode.c.h; path = "Soulmesh-Bridging-Header.h"; sourceTree = "<group>"; };
		A9BA8B701BFB9A9F0050EE7A /* table_buildingList.swift */ = {isa = PBXFileReference; fileEncoding = 4; lastKnownFileType = sourcecode.swift; path = table_buildingList.swift; sourceTree = "<group>"; };
		A9BA8B721BFB9AAE0050EE7A /* vc_floorMap.swift */ = {isa = PBXFileReference; fileEncoding = 4; lastKnownFileType = sourcecode.swift; path = vc_floorMap.swift; sourceTree = "<group>"; };
		A9BA8B731BFB9AAE0050EE7A /* vc_floorMap.xib */ = {isa = PBXFileReference; fileEncoding = 4; lastKnownFileType = file.xib; path = vc_floorMap.xib; sourceTree = "<group>"; };
		A9BA8B741BFB9AAE0050EE7A /* vc_login.swift */ = {isa = PBXFileReference; fileEncoding = 4; lastKnownFileType = sourcecode.swift; path = vc_login.swift; sourceTree = "<group>"; };
		A9BA8B751BFB9AAE0050EE7A /* vc_main.swift */ = {isa = PBXFileReference; fileEncoding = 4; lastKnownFileType = sourcecode.swift; path = vc_main.swift; sourceTree = "<group>"; };
		A9BA8B761BFB9AAE0050EE7A /* vc_table_floors.swift */ = {isa = PBXFileReference; fileEncoding = 4; lastKnownFileType = sourcecode.swift; path = vc_table_floors.swift; sourceTree = "<group>"; };
		A9BA8B7C1BFB9AC20050EE7A /* view_sensorMark.swift */ = {isa = PBXFileReference; fileEncoding = 4; lastKnownFileType = sourcecode.swift; path = view_sensorMark.swift; sourceTree = "<group>"; };
		A9BA8B7D1BFB9AC20050EE7A /* view_spinner.swift */ = {isa = PBXFileReference; fileEncoding = 4; lastKnownFileType = sourcecode.swift; path = view_spinner.swift; sourceTree = "<group>"; };
		D0069C05F1091BF7FC8D844A /* Pods-Soulmesh.debug.xcconfig */ = {isa = PBXFileReference; includeInIndex = 1; lastKnownFileType = text.xcconfig; name = "Pods-Soulmesh.debug.xcconfig"; path = "Pods/Target Support Files/Pods-Soulmesh/Pods-Soulmesh.debug.xcconfig"; sourceTree = "<group>"; };
/* End PBXFileReference section */

/* Begin PBXFrameworksBuildPhase section */
		A915FD7A1BFB94910081F939 /* Frameworks */ = {
			isa = PBXFrameworksBuildPhase;
			buildActionMask = 2147483647;
			files = (
				A93B67851BFBA2E90030981E /* libxml2.2.tbd in Frameworks */,
				A93B67781BFB9F700030981E /* UIKit.framework in Frameworks */,
				A93B67761BFB9F680030981E /* CoreGraphics.framework in Frameworks */,
				A93B677D1BFBA2BE0030981E /* QuartzCore.framework in Frameworks */,
				A93B67721BFB9F510030981E /* libxml2.tbd in Frameworks */,
				A93B67701BFB9F3C0030981E /* CoreImage.framework in Frameworks */,
				A93B676E1BFB9F340030981E /* CoreText.framework in Frameworks */,
				A93B676C1BFB9E640030981E /* libSVGKit-iOS.1.2.0.a in Frameworks */,
				6954E3732122E60AEE133DC7 /* Pods_Soulmesh.framework in Frameworks */,
			);
			runOnlyForDeploymentPostprocessing = 0;
		};
		A915FD8E1BFB94910081F939 /* Frameworks */ = {
			isa = PBXFrameworksBuildPhase;
			buildActionMask = 2147483647;
			files = (
			);
			runOnlyForDeploymentPostprocessing = 0;
		};
		A915FD991BFB94910081F939 /* Frameworks */ = {
			isa = PBXFrameworksBuildPhase;
			buildActionMask = 2147483647;
			files = (
			);
			runOnlyForDeploymentPostprocessing = 0;
		};
/* End PBXFrameworksBuildPhase section */

/* Begin PBXGroup section */
		6F816CEBD4E463A401386FDD /* Frameworks */ = {
			isa = PBXGroup;
			children = (
				A93B67841BFBA2E90030981E /* libxml2.2.tbd */,
				A93B67771BFB9F700030981E /* UIKit.framework */,
				A93B67751BFB9F680030981E /* CoreGraphics.framework */,
				A93B67731BFB9F5E0030981E /* QuartzCore.framework */,
				A93B67711BFB9F510030981E /* libxml2.tbd */,
				A93B676F1BFB9F3C0030981E /* CoreImage.framework */,
				A93B676D1BFB9F340030981E /* CoreText.framework */,
				A93B66EA1BFB9E510030981E /* SVGKit */,
				36AA5BD9EE89FB922352C506 /* Pods_Soulmesh.framework */,
			);
			name = Frameworks;
			sourceTree = "<group>";
		};
		A915FD741BFB94910081F939 = {
			isa = PBXGroup;
			children = (
				A9BA8B491BFB965D0050EE7A /* AppDelegate.swift */,
				A9BA8B4B1BFB96B10050EE7A /* Info.plist */,
				A9BA8B4D1BFB98650050EE7A /* Main.storyboard */,
				A915FD891BFB94910081F939 /* LaunchScreen.storyboard */,
				A915FD871BFB94910081F939 /* Assets.xcassets */,
				A9BA8B6F1BFB9A820050EE7A /* Soulmesh-Bridging-Header.h */,
				A915FD7F1BFB94910081F939 /* Soulmesh */,
				A915FD941BFB94910081F939 /* SoulmeshTests */,
				A915FD9F1BFB94910081F939 /* SoulmeshUITests */,
				A915FD7E1BFB94910081F939 /* Products */,
				D594D93AF4A3FFB4156F2C2F /* Pods */,
				6F816CEBD4E463A401386FDD /* Frameworks */,
			);
			sourceTree = "<group>";
		};
		A915FD7E1BFB94910081F939 /* Products */ = {
			isa = PBXGroup;
			children = (
				A915FD7D1BFB94910081F939 /* Soulmesh.app */,
				A915FD911BFB94910081F939 /* SoulmeshTests.xctest */,
				A915FD9C1BFB94910081F939 /* SoulmeshUITests.xctest */,
			);
			name = Products;
			sourceTree = "<group>";
		};
		A915FD7F1BFB94910081F939 /* Soulmesh */ = {
			isa = PBXGroup;
			children = (
				A9BA8B5A1BFB996E0050EE7A /* Fonts */,
				A9BA8B531BFB98CB0050EE7A /* Protocols */,
				A9BA8B481BFB96380050EE7A /* Data */,
				A9BA8B471BFB96130050EE7A /* API */,
				A9BA8B441BFB95E80050EE7A /* Model */,
				A9BA8B451BFB95F30050EE7A /* View */,
				A9BA8B461BFB960B0050EE7A /* Controller */,
			);
			path = Soulmesh;
			sourceTree = "<group>";
		};
		A915FD941BFB94910081F939 /* SoulmeshTests */ = {
			isa = PBXGroup;
			children = (
				A915FD951BFB94910081F939 /* SoulmeshTests.swift */,
				A915FD971BFB94910081F939 /* Info.plist */,
			);
			path = SoulmeshTests;
			sourceTree = "<group>";
		};
		A915FD9F1BFB94910081F939 /* SoulmeshUITests */ = {
			isa = PBXGroup;
			children = (
				A915FDA01BFB94910081F939 /* SoulmeshUITests.swift */,
				A915FDA21BFB94910081F939 /* Info.plist */,
			);
			path = SoulmeshUITests;
			sourceTree = "<group>";
		};
		A93B66EA1BFB9E510030981E /* SVGKit */ = {
			isa = PBXGroup;
			children = (
				A93B66EB1BFB9E630030981E /* libSVGKit-iOS.1.2.0.a */,
				A93B66EC1BFB9E640030981E /* usr */,
			);
			name = SVGKit;
			sourceTree = "<group>";
		};
		A93B66EC1BFB9E640030981E /* usr */ = {
			isa = PBXGroup;
			children = (
				A93B66ED1BFB9E640030981E /* local */,
			);
			path = usr;
			sourceTree = "<group>";
		};
		A93B66ED1BFB9E640030981E /* local */ = {
			isa = PBXGroup;
			children = (
				A93B66EE1BFB9E640030981E /* include */,
			);
			path = local;
			sourceTree = "<group>";
		};
		A93B66EE1BFB9E640030981E /* include */ = {
			isa = PBXGroup;
			children = (
				A93B67871BFBB5720030981E /* StyleSheetList+Mutable.h */,
				A93B67861BFBB5060030981E /* CSSPrimitiveValue_ConfigurablePixelsPerInch.h */,
				A93B66EF1BFB9E640030981E /* AppleSucksDOMImplementation.h */,
				A93B66F01BFB9E640030981E /* Attr.h */,
				A93B66F11BFB9E640030981E /* BaseClassForAllSVGBasicShapes.h */,
				A93B66F21BFB9E640030981E /* BaseClassForAllSVGBasicShapes_ForSubclasses.h */,
				A93B66F31BFB9E640030981E /* CALayer+RecursiveClone.h */,
				A93B66F41BFB9E640030981E /* CALayerExporter.h */,
				A93B66F51BFB9E640030981E /* CALayerWithChildHitTest.h */,
				A93B66F61BFB9E640030981E /* CALayerWithClipRender.h */,
				A93B66F71BFB9E640030981E /* CAShapeLayerWithClipRender.h */,
				A93B66F81BFB9E640030981E /* CAShapeLayerWithHitTest.h */,
				A93B66F91BFB9E640030981E /* CDATASection.h */,
				A93B66FA1BFB9E640030981E /* CGPathAdditions.h */,
				A93B66FB1BFB9E640030981E /* CharacterData.h */,
				A93B66FC1BFB9E640030981E /* Comment.h */,
				A93B66FD1BFB9E640030981E /* ConverterSVGToCALayer.h */,
				A93B66FE1BFB9E640030981E /* CSSPrimitiveValue.h */,
				A93B66FF1BFB9E640030981E /* CSSRule.h */,
				A93B67001BFB9E640030981E /* CSSRuleList+Mutable.h */,
				A93B67011BFB9E640030981E /* CSSRuleList.h */,
				A93B67021BFB9E640030981E /* CSSStyleDeclaration.h */,
				A93B67031BFB9E640030981E /* CSSStyleRule.h */,
				A93B67041BFB9E640030981E /* CSSStyleSheet.h */,
				A93B67051BFB9E640030981E /* CSSValue.h */,
				A93B67061BFB9E640030981E /* CSSValue_ForSubclasses.h */,
				A93B67071BFB9E640030981E /* CSSValueList.h */,
				A93B67081BFB9E640030981E /* Document+Mutable.h */,
				A93B67091BFB9E640030981E /* Document.h */,
				A93B670A1BFB9E640030981E /* DocumentCSS.h */,
				A93B670B1BFB9E640030981E /* DocumentFragment.h */,
				A93B670C1BFB9E640030981E /* DocumentStyle.h */,
				A93B670D1BFB9E640030981E /* DocumentType.h */,
				A93B670E1BFB9E640030981E /* DOMGlobalSettings.h */,
				A93B670F1BFB9E640030981E /* DOMHelperUtilities.h */,
				A93B67101BFB9E640030981E /* Element.h */,
				A93B67111BFB9E640030981E /* EntityReference.h */,
				A93B67121BFB9E640030981E /* MediaList.h */,
				A93B67131BFB9E640030981E /* NamedNodeMap.h */,
				A93B67141BFB9E640030981E /* NamedNodeMap_Iterable.h */,
				A93B67151BFB9E640030981E /* Node+Mutable.h */,
				A93B67161BFB9E640030981E /* Node.h */,
				A93B67171BFB9E640030981E /* NodeList+Mutable.h */,
				A93B67181BFB9E640030981E /* NodeList.h */,
				A93B67191BFB9E640030981E /* NSCharacterSet+SVGKExtensions.h */,
				A93B671A1BFB9E640030981E /* NSData+NSInputStream.h */,
				A93B671B1BFB9E640030981E /* ProcessingInstruction.h */,
				A93B671C1BFB9E640030981E /* StyleSheet.h */,
				A93B671D1BFB9E640030981E /* StyleSheetList.h */,
				A93B671E1BFB9E640030981E /* SVGAngle.h */,
				A93B671F1BFB9E640030981E /* SVGAnimatedPreserveAspectRatio.h */,
				A93B67201BFB9E640030981E /* SVGCircleElement.h */,
				A93B67211BFB9E640030981E /* SVGClipPathElement.h */,
				A93B67221BFB9E640030981E /* SVGDefsElement.h */,
				A93B67231BFB9E640030981E /* SVGDescriptionElement.h */,
				A93B67241BFB9E640030981E /* SVGDocument.h */,
				A93B67251BFB9E640030981E /* SVGDocument_Mutable.h */,
				A93B67261BFB9E640030981E /* SVGElement.h */,
				A93B67271BFB9E640030981E /* SVGElement_ForParser.h */,
				A93B67281BFB9E640030981E /* SVGElementInstance.h */,
				A93B67291BFB9E640030981E /* SVGElementInstance_Mutable.h */,
				A93B672A1BFB9E640030981E /* SVGElementInstanceList.h */,
				A93B672B1BFB9E640030981E /* SVGElementInstanceList_Internal.h */,
				A93B672C1BFB9E640030981E /* SVGEllipseElement.h */,
				A93B672D1BFB9E640030981E /* SVGFitToViewBox.h */,
				A93B672E1BFB9E640030981E /* SVGGElement.h */,
				A93B672F1BFB9E640030981E /* SVGGradientElement.h */,
				A93B67301BFB9E640030981E /* SVGGradientLayer.h */,
				A93B67311BFB9E640030981E /* SVGGradientStop.h */,
				A93B67321BFB9E640030981E /* SVGGroupElement.h */,
				A93B67331BFB9E640030981E /* SVGHelperUtilities.h */,
				A93B67341BFB9E640030981E /* SVGImageElement.h */,
				A93B67351BFB9E640030981E /* SVGKExporterNSData.h */,
				A93B67361BFB9E640030981E /* SVGKExporterUIImage.h */,
				A93B67371BFB9E640030981E /* SVGKFastImageView.h */,
				A93B67381BFB9E640030981E /* SVGKImage+CGContext.h */,
				A93B67391BFB9E640030981E /* SVGKImage.h */,
				A93B673A1BFB9E640030981E /* SVGKImageView.h */,
				A93B673B1BFB9E640030981E /* SVGKit.h */,
				A93B673C1BFB9E640030981E /* SVGKLayer.h */,
				A93B673D1BFB9E640030981E /* SVGKLayeredImageView.h */,
				A93B673E1BFB9E640030981E /* SVGKParser.h */,
				A93B673F1BFB9E640030981E /* SVGKParserDefsAndUse.h */,
				A93B67401BFB9E640030981E /* SVGKParserDOM.h */,
				A93B67411BFB9E640030981E /* SVGKParseResult.h */,
				A93B67421BFB9E640030981E /* SVGKParserExtension.h */,
				A93B67431BFB9E640030981E /* SVGKParserGradient.h */,
				A93B67881BFBB5AF0030981E /* SVGSwitchElement.h */,
				A93B67441BFB9E640030981E /* SVGKParserPatternsAndGradients.h */,
				A93B67451BFB9E640030981E /* SVGKParserStyles.h */,
				A93B67461BFB9E640030981E /* SVGKParserSVG.h */,
				A93B67471BFB9E640030981E /* SVGKPattern.h */,
				A93B67481BFB9E640030981E /* SVGKPointsAndPathsParser.h */,
				A93B67491BFB9E640030981E /* SVGKSource.h */,
				A93B674A1BFB9E640030981E /* SVGKSourceLocalFile.h */,
				A93B674B1BFB9E640030981E /* SVGKSourceNSData.h */,
				A93B674C1BFB9E640030981E /* SVGKSourceString.h */,
				A93B674D1BFB9E640030981E /* SVGKSourceURL.h */,
				A93B674E1BFB9E640030981E /* SVGLength.h */,
				A93B674F1BFB9E640030981E /* SVGLineElement.h */,
				A93B67501BFB9E640030981E /* SVGMatrix.h */,
				A93B67511BFB9E640030981E /* SVGNumber.h */,
				A93B67521BFB9E640030981E /* SVGPathElement.h */,
				A93B67531BFB9E640030981E /* SVGPoint.h */,
				A93B67541BFB9E640030981E /* SVGPolygonElement.h */,
				A93B67551BFB9E640030981E /* SVGPolylineElement.h */,
				A93B67561BFB9E640030981E /* SVGPreserveAspectRatio.h */,
				A93B67571BFB9E640030981E /* SVGRect.h */,
				A93B67581BFB9E640030981E /* SVGRectElement.h */,
				A93B67591BFB9E640030981E /* SVGStylable.h */,
				A93B675A1BFB9E640030981E /* SVGStyleCatcher.h */,
				A93B675B1BFB9E640030981E /* SVGStyleElement.h */,
				A93B675C1BFB9E640030981E /* SVGSVGElement.h */,
				A93B675D1BFB9E640030981E /* SVGSVGElement_Mutable.h */,
				A93B675E1BFB9E640030981E /* SVGTextContentElement.h */,
				A93B675F1BFB9E640030981E /* SVGTextElement.h */,
				A93B67601BFB9E640030981E /* SVGTextPositioningElement.h */,
				A93B67611BFB9E640030981E /* SVGTextPositioningElement_Mutable.h */,
				A93B67621BFB9E640030981E /* SVGTitleElement.h */,
				A93B67631BFB9E640030981E /* SVGTransform.h */,
				A93B67641BFB9E640030981E /* SVGTransformable.h */,
				A93B67651BFB9E640030981E /* SVGUnitTypes.h */,
				A93B67661BFB9E640030981E /* SVGUseElement.h */,
				A93B67671BFB9E640030981E /* SVGUseElement_Mutable.h */,
				A93B67681BFB9E640030981E /* SVGUtils.h */,
				A93B67691BFB9E640030981E /* SVGViewSpec.h */,
				A93B676A1BFB9E640030981E /* Text.h */,
				A93B676B1BFB9E640030981E /* TinySVGTextAreaElement.h */,
			);
			path = include;
			sourceTree = "<group>";
		};
		A9BA8B441BFB95E80050EE7A /* Model */ = {
			isa = PBXGroup;
			children = (
				A9BA8B641BFB9A3F0050EE7A /* Sensor.swift */,
				A9BA8B651BFB9A3F0050EE7A /* Sensor+CoreDataProperties.swift */,
				A9BA8B5C1BFB99B80050EE7A /* InstalledSensor.swift */,
				A9BA8B5D1BFB99B80050EE7A /* InstalledSensor+CoreDataProperties.swift */,
				A9BA8B5E1BFB99B80050EE7A /* Installer.swift */,
				A9BA8B5F1BFB99B80050EE7A /* Installer+CoreDataProperties.swift */,
				A9BA8B561BFB994C0050EE7A /* FloorMap.swift */,
				A9BA8B571BFB994C0050EE7A /* FloorMap+CoreDataProperties.swift */,
				A9BA8B511BFB98B50050EE7A /* Building+CoreDataProperties.swift */,
				A9BA8B4F1BFB98AE0050EE7A /* Building.swift */,
			);
			name = Model;
			sourceTree = "<group>";
		};
		A9BA8B451BFB95F30050EE7A /* View */ = {
			isa = PBXGroup;
			children = (
				A93B67891BFBB5F80030981E /* smSVG.swift */,
				A9BA8B7C1BFB9AC20050EE7A /* view_sensorMark.swift */,
				A9BA8B7D1BFB9AC20050EE7A /* view_spinner.swift */,
				A9BA8B701BFB9A9F0050EE7A /* table_buildingList.swift */,
			);
			name = View;
			sourceTree = "<group>";
		};
		A9BA8B461BFB960B0050EE7A /* Controller */ = {
			isa = PBXGroup;
			children = (
				339B94D81C0B980D00B9E907 /* vc_BarcodeScanner.swift */,
				A9BA8B721BFB9AAE0050EE7A /* vc_floorMap.swift */,
				A9BA8B731BFB9AAE0050EE7A /* vc_floorMap.xib */,
				A9BA8B741BFB9AAE0050EE7A /* vc_login.swift */,
				A9BA8B751BFB9AAE0050EE7A /* vc_main.swift */,
				A9BA8B761BFB9AAE0050EE7A /* vc_table_floors.swift */,
				339B94D41C0A44B900B9E907 /* vc_sensorDetailViewController.swift */,
				339B94D51C0A44B900B9E907 /* vc_sensorDetailViewController.xib */,
			);
			name = Controller;
			sourceTree = "<group>";
		};
		A9BA8B471BFB96130050EE7A /* API */ = {
			isa = PBXGroup;
			children = (
				A9BA8B681BFB9A4A0050EE7A /* SMAPIClient.swift */,
			);
			name = API;
			sourceTree = "<group>";
		};
		A9BA8B481BFB96380050EE7A /* Data */ = {
			isa = PBXGroup;
			children = (
				A9BA8B6D1BFB9A7A0050EE7A /* SMSyncEngine.swift */,
				A9BA8B6A1BFB9A520050EE7A /* SMModel.xcdatamodeld */,
			);
			name = Data;
			sourceTree = "<group>";
		};
		A9BA8B531BFB98CB0050EE7A /* Protocols */ = {
			isa = PBXGroup;
			children = (
				A9BA8B541BFB98DB0050EE7A /* BuildingTableProtocol.swift */,
			);
			name = Protocols;
			sourceTree = "<group>";
		};
		A9BA8B5A1BFB996E0050EE7A /* Fonts */ = {
			isa = PBXGroup;
			children = (
				A9BA8B5B1BFB997B0050EE7A /* fontawesome-webfont.ttf */,
			);
			name = Fonts;
			sourceTree = "<group>";
		};
		D594D93AF4A3FFB4156F2C2F /* Pods */ = {
			isa = PBXGroup;
			children = (
				D0069C05F1091BF7FC8D844A /* Pods-Soulmesh.debug.xcconfig */,
				517D2774003E13C3E6CC31DB /* Pods-Soulmesh.release.xcconfig */,
			);
			name = Pods;
			sourceTree = "<group>";
		};
/* End PBXGroup section */

/* Begin PBXNativeTarget section */
		A915FD7C1BFB94910081F939 /* Soulmesh */ = {
			isa = PBXNativeTarget;
			buildConfigurationList = A915FDA51BFB94910081F939 /* Build configuration list for PBXNativeTarget "Soulmesh" */;
			buildPhases = (
				14BD60882EE6081D329B5A20 /* Check Pods Manifest.lock */,
				A915FD791BFB94910081F939 /* Sources */,
				A915FD7A1BFB94910081F939 /* Frameworks */,
				A915FD7B1BFB94910081F939 /* Resources */,
				17B14D494C56A113086A94C9 /* Embed Pods Frameworks */,
				AB55AA1C022F7C267D63F603 /* Copy Pods Resources */,
			);
			buildRules = (
			);
			dependencies = (
			);
			name = Soulmesh;
			productName = Soulmesh;
			productReference = A915FD7D1BFB94910081F939 /* Soulmesh.app */;
			productType = "com.apple.product-type.application";
		};
		A915FD901BFB94910081F939 /* SoulmeshTests */ = {
			isa = PBXNativeTarget;
			buildConfigurationList = A915FDA81BFB94910081F939 /* Build configuration list for PBXNativeTarget "SoulmeshTests" */;
			buildPhases = (
				A915FD8D1BFB94910081F939 /* Sources */,
				A915FD8E1BFB94910081F939 /* Frameworks */,
				A915FD8F1BFB94910081F939 /* Resources */,
			);
			buildRules = (
			);
			dependencies = (
				A915FD931BFB94910081F939 /* PBXTargetDependency */,
			);
			name = SoulmeshTests;
			productName = SoulmeshTests;
			productReference = A915FD911BFB94910081F939 /* SoulmeshTests.xctest */;
			productType = "com.apple.product-type.bundle.unit-test";
		};
		A915FD9B1BFB94910081F939 /* SoulmeshUITests */ = {
			isa = PBXNativeTarget;
			buildConfigurationList = A915FDAB1BFB94910081F939 /* Build configuration list for PBXNativeTarget "SoulmeshUITests" */;
			buildPhases = (
				A915FD981BFB94910081F939 /* Sources */,
				A915FD991BFB94910081F939 /* Frameworks */,
				A915FD9A1BFB94910081F939 /* Resources */,
			);
			buildRules = (
			);
			dependencies = (
				A915FD9E1BFB94910081F939 /* PBXTargetDependency */,
			);
			name = SoulmeshUITests;
			productName = SoulmeshUITests;
			productReference = A915FD9C1BFB94910081F939 /* SoulmeshUITests.xctest */;
			productType = "com.apple.product-type.bundle.ui-testing";
		};
/* End PBXNativeTarget section */

/* Begin PBXProject section */
		A915FD751BFB94910081F939 /* Project object */ = {
			isa = PBXProject;
			attributes = {
				LastSwiftUpdateCheck = 0710;
				LastUpgradeCheck = 0710;
				ORGANIZATIONNAME = "Fred Vollmer";
				TargetAttributes = {
					A915FD7C1BFB94910081F939 = {
						CreatedOnToolsVersion = 7.1.1;
						DevelopmentTeam = 77KXXD7FXX;
					};
					A915FD901BFB94910081F939 = {
						CreatedOnToolsVersion = 7.1.1;
						DevelopmentTeam = 77KXXD7FXX;
						TestTargetID = A915FD7C1BFB94910081F939;
					};
					A915FD9B1BFB94910081F939 = {
						CreatedOnToolsVersion = 7.1.1;
						DevelopmentTeam = 77KXXD7FXX;
						TestTargetID = A915FD7C1BFB94910081F939;
					};
				};
			};
			buildConfigurationList = A915FD781BFB94910081F939 /* Build configuration list for PBXProject "Soulmesh" */;
			compatibilityVersion = "Xcode 3.2";
			developmentRegion = English;
			hasScannedForEncodings = 0;
			knownRegions = (
				en,
				Base,
			);
			mainGroup = A915FD741BFB94910081F939;
			productRefGroup = A915FD7E1BFB94910081F939 /* Products */;
			projectDirPath = "";
			projectRoot = "";
			targets = (
				A915FD7C1BFB94910081F939 /* Soulmesh */,
				A915FD901BFB94910081F939 /* SoulmeshTests */,
				A915FD9B1BFB94910081F939 /* SoulmeshUITests */,
			);
		};
/* End PBXProject section */

/* Begin PBXResourcesBuildPhase section */
		A915FD7B1BFB94910081F939 /* Resources */ = {
			isa = PBXResourcesBuildPhase;
			buildActionMask = 2147483647;
			files = (
				A915FD8B1BFB94910081F939 /* LaunchScreen.storyboard in Resources */,
				339B94D71C0A44B900B9E907 /* vc_sensorDetailViewController.xib in Resources */,
				A9BA8B781BFB9AAE0050EE7A /* vc_floorMap.xib in Resources */,
				A915FD881BFB94910081F939 /* Assets.xcassets in Resources */,
				A96EC19E1BFC6A1B00539C6F /* fontawesome-webfont.ttf in Resources */,
				A9BA8B4C1BFB96B10050EE7A /* Info.plist in Resources */,
				A9BA8B4E1BFB98650050EE7A /* Main.storyboard in Resources */,
			);
			runOnlyForDeploymentPostprocessing = 0;
		};
		A915FD8F1BFB94910081F939 /* Resources */ = {
			isa = PBXResourcesBuildPhase;
			buildActionMask = 2147483647;
			files = (
			);
			runOnlyForDeploymentPostprocessing = 0;
		};
		A915FD9A1BFB94910081F939 /* Resources */ = {
			isa = PBXResourcesBuildPhase;
			buildActionMask = 2147483647;
			files = (
			);
			runOnlyForDeploymentPostprocessing = 0;
		};
/* End PBXResourcesBuildPhase section */

/* Begin PBXShellScriptBuildPhase section */
		14BD60882EE6081D329B5A20 /* Check Pods Manifest.lock */ = {
			isa = PBXShellScriptBuildPhase;
			buildActionMask = 2147483647;
			files = (
			);
			inputPaths = (
			);
			name = "Check Pods Manifest.lock";
			outputPaths = (
			);
			runOnlyForDeploymentPostprocessing = 0;
			shellPath = /bin/sh;
			shellScript = "diff \"${PODS_ROOT}/../Podfile.lock\" \"${PODS_ROOT}/Manifest.lock\" > /dev/null\nif [[ $? != 0 ]] ; then\n    cat << EOM\nerror: The sandbox is not in sync with the Podfile.lock. Run 'pod install' or update your CocoaPods installation.\nEOM\n    exit 1\nfi\n";
			showEnvVarsInLog = 0;
		};
		17B14D494C56A113086A94C9 /* Embed Pods Frameworks */ = {
			isa = PBXShellScriptBuildPhase;
			buildActionMask = 2147483647;
			files = (
			);
			inputPaths = (
			);
			name = "Embed Pods Frameworks";
			outputPaths = (
			);
			runOnlyForDeploymentPostprocessing = 0;
			shellPath = /bin/sh;
			shellScript = "\"${SRCROOT}/Pods/Target Support Files/Pods-Soulmesh/Pods-Soulmesh-frameworks.sh\"\n";
			showEnvVarsInLog = 0;
		};
		AB55AA1C022F7C267D63F603 /* Copy Pods Resources */ = {
			isa = PBXShellScriptBuildPhase;
			buildActionMask = 2147483647;
			files = (
			);
			inputPaths = (
			);
			name = "Copy Pods Resources";
			outputPaths = (
			);
			runOnlyForDeploymentPostprocessing = 0;
			shellPath = /bin/sh;
			shellScript = "\"${SRCROOT}/Pods/Target Support Files/Pods-Soulmesh/Pods-Soulmesh-resources.sh\"\n";
			showEnvVarsInLog = 0;
		};
/* End PBXShellScriptBuildPhase section */

/* Begin PBXSourcesBuildPhase section */
		A915FD791BFB94910081F939 /* Sources */ = {
			isa = PBXSourcesBuildPhase;
			buildActionMask = 2147483647;
			files = (
				A9BA8B621BFB99B80050EE7A /* Installer.swift in Sources */,
				A9BA8B611BFB99B80050EE7A /* InstalledSensor+CoreDataProperties.swift in Sources */,
				339B94D61C0A44B900B9E907 /* vc_sensorDetailViewController.swift in Sources */,
				A9BA8B661BFB9A3F0050EE7A /* Sensor.swift in Sources */,
				A9BA8B6E1BFB9A7A0050EE7A /* SMSyncEngine.swift in Sources */,
				A9BA8B7F1BFB9AC20050EE7A /* view_spinner.swift in Sources */,
				339B94D91C0B980D00B9E907 /* vc_BarcodeScanner.swift in Sources */,
				A9BA8B7B1BFB9AAE0050EE7A /* vc_table_floors.swift in Sources */,
				A9BA8B771BFB9AAE0050EE7A /* vc_floorMap.swift in Sources */,
				A9BA8B711BFB9A9F0050EE7A /* table_buildingList.swift in Sources */,
				A9BA8B7E1BFB9AC20050EE7A /* view_sensorMark.swift in Sources */,
				A9BA8B671BFB9A3F0050EE7A /* Sensor+CoreDataProperties.swift in Sources */,
				A9BA8B631BFB99B80050EE7A /* Installer+CoreDataProperties.swift in Sources */,
				A9BA8B4A1BFB965D0050EE7A /* AppDelegate.swift in Sources */,
				A9BA8B521BFB98B50050EE7A /* Building+CoreDataProperties.swift in Sources */,
				A9BA8B7A1BFB9AAE0050EE7A /* vc_main.swift in Sources */,
				A9BA8B791BFB9AAE0050EE7A /* vc_login.swift in Sources */,
				A9BA8B551BFB98DB0050EE7A /* BuildingTableProtocol.swift in Sources */,
				A9BA8B691BFB9A4A0050EE7A /* SMAPIClient.swift in Sources */,
				A9BA8B601BFB99B80050EE7A /* InstalledSensor.swift in Sources */,
				A9BA8B581BFB994C0050EE7A /* FloorMap.swift in Sources */,
				A9BA8B501BFB98AE0050EE7A /* Building.swift in Sources */,
				A9BA8B591BFB994C0050EE7A /* FloorMap+CoreDataProperties.swift in Sources */,
				A9BA8B6C1BFB9A520050EE7A /* SMModel.xcdatamodeld in Sources */,
				A93B678A1BFBB5F80030981E /* smSVG.swift in Sources */,
			);
			runOnlyForDeploymentPostprocessing = 0;
		};
		A915FD8D1BFB94910081F939 /* Sources */ = {
			isa = PBXSourcesBuildPhase;
			buildActionMask = 2147483647;
			files = (
				A915FD961BFB94910081F939 /* SoulmeshTests.swift in Sources */,
			);
			runOnlyForDeploymentPostprocessing = 0;
		};
		A915FD981BFB94910081F939 /* Sources */ = {
			isa = PBXSourcesBuildPhase;
			buildActionMask = 2147483647;
			files = (
				A915FDA11BFB94910081F939 /* SoulmeshUITests.swift in Sources */,
			);
			runOnlyForDeploymentPostprocessing = 0;
		};
/* End PBXSourcesBuildPhase section */

/* Begin PBXTargetDependency section */
		A915FD931BFB94910081F939 /* PBXTargetDependency */ = {
			isa = PBXTargetDependency;
			target = A915FD7C1BFB94910081F939 /* Soulmesh */;
			targetProxy = A915FD921BFB94910081F939 /* PBXContainerItemProxy */;
		};
		A915FD9E1BFB94910081F939 /* PBXTargetDependency */ = {
			isa = PBXTargetDependency;
			target = A915FD7C1BFB94910081F939 /* Soulmesh */;
			targetProxy = A915FD9D1BFB94910081F939 /* PBXContainerItemProxy */;
		};
/* End PBXTargetDependency section */

/* Begin PBXVariantGroup section */
		A915FD891BFB94910081F939 /* LaunchScreen.storyboard */ = {
			isa = PBXVariantGroup;
			children = (
				A915FD8A1BFB94910081F939 /* Base */,
			);
			name = LaunchScreen.storyboard;
			path = Soulmesh;
			sourceTree = "<group>";
		};
/* End PBXVariantGroup section */

/* Begin XCBuildConfiguration section */
		A915FDA31BFB94910081F939 /* Debug */ = {
			isa = XCBuildConfiguration;
			buildSettings = {
				ALWAYS_SEARCH_USER_PATHS = NO;
				CLANG_CXX_LANGUAGE_STANDARD = "gnu++0x";
				CLANG_CXX_LIBRARY = "libc++";
				CLANG_ENABLE_MODULES = YES;
				CLANG_ENABLE_OBJC_ARC = YES;
				CLANG_WARN_BOOL_CONVERSION = YES;
				CLANG_WARN_CONSTANT_CONVERSION = YES;
				CLANG_WARN_DIRECT_OBJC_ISA_USAGE = YES_ERROR;
				CLANG_WARN_EMPTY_BODY = YES;
				CLANG_WARN_ENUM_CONVERSION = YES;
				CLANG_WARN_INT_CONVERSION = YES;
				CLANG_WARN_OBJC_ROOT_CLASS = YES_ERROR;
				CLANG_WARN_UNREACHABLE_CODE = YES;
				CLANG_WARN__DUPLICATE_METHOD_MATCH = YES;
				"CODE_SIGN_IDENTITY[sdk=iphoneos*]" = "iPhone Developer";
				COPY_PHASE_STRIP = NO;
				DEBUG_INFORMATION_FORMAT = dwarf;
				ENABLE_STRICT_OBJC_MSGSEND = YES;
				ENABLE_TESTABILITY = YES;
				GCC_C_LANGUAGE_STANDARD = gnu99;
				GCC_DYNAMIC_NO_PIC = NO;
				GCC_NO_COMMON_BLOCKS = YES;
				GCC_OPTIMIZATION_LEVEL = 0;
				GCC_PREPROCESSOR_DEFINITIONS = (
					"DEBUG=1",
					"$(inherited)",
				);
				GCC_WARN_64_TO_32_BIT_CONVERSION = YES;
				GCC_WARN_ABOUT_RETURN_TYPE = YES_ERROR;
				GCC_WARN_UNDECLARED_SELECTOR = YES;
				GCC_WARN_UNINITIALIZED_AUTOS = YES_AGGRESSIVE;
				GCC_WARN_UNUSED_FUNCTION = YES;
				GCC_WARN_UNUSED_VARIABLE = YES;
				IPHONEOS_DEPLOYMENT_TARGET = 9.1;
				MTL_ENABLE_DEBUG_INFO = YES;
				ONLY_ACTIVE_ARCH = YES;
				SDKROOT = iphoneos;
				SWIFT_OPTIMIZATION_LEVEL = "-Onone";
				TARGETED_DEVICE_FAMILY = 2;
			};
			name = Debug;
		};
		A915FDA41BFB94910081F939 /* Release */ = {
			isa = XCBuildConfiguration;
			buildSettings = {
				ALWAYS_SEARCH_USER_PATHS = NO;
				CLANG_CXX_LANGUAGE_STANDARD = "gnu++0x";
				CLANG_CXX_LIBRARY = "libc++";
				CLANG_ENABLE_MODULES = YES;
				CLANG_ENABLE_OBJC_ARC = YES;
				CLANG_WARN_BOOL_CONVERSION = YES;
				CLANG_WARN_CONSTANT_CONVERSION = YES;
				CLANG_WARN_DIRECT_OBJC_ISA_USAGE = YES_ERROR;
				CLANG_WARN_EMPTY_BODY = YES;
				CLANG_WARN_ENUM_CONVERSION = YES;
				CLANG_WARN_INT_CONVERSION = YES;
				CLANG_WARN_OBJC_ROOT_CLASS = YES_ERROR;
				CLANG_WARN_UNREACHABLE_CODE = YES;
				CLANG_WARN__DUPLICATE_METHOD_MATCH = YES;
				"CODE_SIGN_IDENTITY[sdk=iphoneos*]" = "iPhone Developer";
				COPY_PHASE_STRIP = NO;
				DEBUG_INFORMATION_FORMAT = "dwarf-with-dsym";
				ENABLE_NS_ASSERTIONS = NO;
				ENABLE_STRICT_OBJC_MSGSEND = YES;
				GCC_C_LANGUAGE_STANDARD = gnu99;
				GCC_NO_COMMON_BLOCKS = YES;
				GCC_WARN_64_TO_32_BIT_CONVERSION = YES;
				GCC_WARN_ABOUT_RETURN_TYPE = YES_ERROR;
				GCC_WARN_UNDECLARED_SELECTOR = YES;
				GCC_WARN_UNINITIALIZED_AUTOS = YES_AGGRESSIVE;
				GCC_WARN_UNUSED_FUNCTION = YES;
				GCC_WARN_UNUSED_VARIABLE = YES;
				IPHONEOS_DEPLOYMENT_TARGET = 9.1;
				MTL_ENABLE_DEBUG_INFO = NO;
				SDKROOT = iphoneos;
				TARGETED_DEVICE_FAMILY = 2;
				VALIDATE_PRODUCT = YES;
			};
			name = Release;
		};
		A915FDA61BFB94910081F939 /* Debug */ = {
			isa = XCBuildConfiguration;
			baseConfigurationReference = D0069C05F1091BF7FC8D844A /* Pods-Soulmesh.debug.xcconfig */;
			buildSettings = {
				ASSETCATALOG_COMPILER_APPICON_NAME = AppIcon;
				INFOPLIST_FILE = "$(SRCROOT)/Info.plist";
				LD_RUNPATH_SEARCH_PATHS = "$(inherited) @executable_path/Frameworks";
				LIBRARY_SEARCH_PATHS = (
					"$(inherited)",
					"$(PROJECT_DIR)",
				);
				OTHER_LDFLAGS = (
					"$(inherited)",
					"-framework",
					"\"AFNetworking\"",
					"-framework",
					"\"MMMaterialDesignSpinner\"",
					"-framework",
					"\"MagicalRecord\"",
					"-framework",
					"\"SwiftyJSON\"",
					"-ObjC",
				);
				PRODUCT_BUNDLE_IDENTIFIER = Soulmesh.Soulmesh;
				PRODUCT_NAME = "$(TARGET_NAME)";
				SWIFT_OBJC_BRIDGING_HEADER = "Soulmesh-Bridging-Header.h";
			};
			name = Debug;
		};
		A915FDA71BFB94910081F939 /* Release */ = {
			isa = XCBuildConfiguration;
			baseConfigurationReference = 517D2774003E13C3E6CC31DB /* Pods-Soulmesh.release.xcconfig */;
			buildSettings = {
				ASSETCATALOG_COMPILER_APPICON_NAME = AppIcon;
				INFOPLIST_FILE = "$(SRCROOT)/Info.plist";
				LD_RUNPATH_SEARCH_PATHS = "$(inherited) @executable_path/Frameworks";
				LIBRARY_SEARCH_PATHS = (
					"$(inherited)",
					"$(PROJECT_DIR)",
				);
				OTHER_LDFLAGS = (
					"$(inherited)",
					"-framework",
					"\"AFNetworking\"",
					"-framework",
					"\"MMMaterialDesignSpinner\"",
					"-framework",
					"\"MagicalRecord\"",
					"-framework",
					"\"SwiftyJSON\"",
					"-ObjC",
				);
				PRODUCT_BUNDLE_IDENTIFIER = Soulmesh.Soulmesh;
				PRODUCT_NAME = "$(TARGET_NAME)";
				SWIFT_OBJC_BRIDGING_HEADER = "Soulmesh-Bridging-Header.h";
			};
			name = Release;
		};
		A915FDA91BFB94910081F939 /* Debug */ = {
			isa = XCBuildConfiguration;
			buildSettings = {
				BUNDLE_LOADER = "$(TEST_HOST)";
				INFOPLIST_FILE = SoulmeshTests/Info.plist;
				LD_RUNPATH_SEARCH_PATHS = "$(inherited) @executable_path/Frameworks @loader_path/Frameworks";
				PRODUCT_BUNDLE_IDENTIFIER = Soulmesh.SoulmeshTests;
				PRODUCT_NAME = "$(TARGET_NAME)";
				TEST_HOST = "$(BUILT_PRODUCTS_DIR)/Soulmesh.app/Soulmesh";
			};
			name = Debug;
		};
		A915FDAA1BFB94910081F939 /* Release */ = {
			isa = XCBuildConfiguration;
			buildSettings = {
				BUNDLE_LOADER = "$(TEST_HOST)";
				INFOPLIST_FILE = SoulmeshTests/Info.plist;
				LD_RUNPATH_SEARCH_PATHS = "$(inherited) @executable_path/Frameworks @loader_path/Frameworks";
				PRODUCT_BUNDLE_IDENTIFIER = Soulmesh.SoulmeshTests;
				PRODUCT_NAME = "$(TARGET_NAME)";
				TEST_HOST = "$(BUILT_PRODUCTS_DIR)/Soulmesh.app/Soulmesh";
			};
			name = Release;
		};
		A915FDAC1BFB94910081F939 /* Debug */ = {
			isa = XCBuildConfiguration;
			buildSettings = {
				INFOPLIST_FILE = SoulmeshUITests/Info.plist;
				LD_RUNPATH_SEARCH_PATHS = "$(inherited) @executable_path/Frameworks @loader_path/Frameworks";
				PRODUCT_BUNDLE_IDENTIFIER = Soulmesh.SoulmeshUITests;
				PRODUCT_NAME = "$(TARGET_NAME)";
				TEST_TARGET_NAME = Soulmesh;
				USES_XCTRUNNER = YES;
			};
			name = Debug;
		};
		A915FDAD1BFB94910081F939 /* Release */ = {
			isa = XCBuildConfiguration;
			buildSettings = {
				INFOPLIST_FILE = SoulmeshUITests/Info.plist;
				LD_RUNPATH_SEARCH_PATHS = "$(inherited) @executable_path/Frameworks @loader_path/Frameworks";
				PRODUCT_BUNDLE_IDENTIFIER = Soulmesh.SoulmeshUITests;
				PRODUCT_NAME = "$(TARGET_NAME)";
				TEST_TARGET_NAME = Soulmesh;
				USES_XCTRUNNER = YES;
			};
			name = Release;
		};
/* End XCBuildConfiguration section */

/* Begin XCConfigurationList section */
		A915FD781BFB94910081F939 /* Build configuration list for PBXProject "Soulmesh" */ = {
			isa = XCConfigurationList;
			buildConfigurations = (
				A915FDA31BFB94910081F939 /* Debug */,
				A915FDA41BFB94910081F939 /* Release */,
			);
			defaultConfigurationIsVisible = 0;
			defaultConfigurationName = Release;
		};
		A915FDA51BFB94910081F939 /* Build configuration list for PBXNativeTarget "Soulmesh" */ = {
			isa = XCConfigurationList;
			buildConfigurations = (
				A915FDA61BFB94910081F939 /* Debug */,
				A915FDA71BFB94910081F939 /* Release */,
			);
			defaultConfigurationIsVisible = 0;
			defaultConfigurationName = Release;
		};
		A915FDA81BFB94910081F939 /* Build configuration list for PBXNativeTarget "SoulmeshTests" */ = {
			isa = XCConfigurationList;
			buildConfigurations = (
				A915FDA91BFB94910081F939 /* Debug */,
				A915FDAA1BFB94910081F939 /* Release */,
			);
			defaultConfigurationIsVisible = 0;
			defaultConfigurationName = Release;
		};
		A915FDAB1BFB94910081F939 /* Build configuration list for PBXNativeTarget "SoulmeshUITests" */ = {
			isa = XCConfigurationList;
			buildConfigurations = (
				A915FDAC1BFB94910081F939 /* Debug */,
				A915FDAD1BFB94910081F939 /* Release */,
			);
			defaultConfigurationIsVisible = 0;
			defaultConfigurationName = Release;
		};
/* End XCConfigurationList section */

/* Begin XCVersionGroup section */
		A9BA8B6A1BFB9A520050EE7A /* SMModel.xcdatamodeld */ = {
			isa = XCVersionGroup;
			children = (
				A9BA8B6B1BFB9A520050EE7A /* SMModel.xcdatamodel */,
			);
			currentVersion = A9BA8B6B1BFB9A520050EE7A /* SMModel.xcdatamodel */;
			path = SMModel.xcdatamodeld;
			sourceTree = "<group>";
			versionGroupType = wrapper.xcdatamodel;
		};
/* End XCVersionGroup section */
	};
	rootObject = A915FD751BFB94910081F939 /* Project object */;
}
